
Microsoft Visual Studio Solution File, Format Version 12.00
# Visual Studio 2013
VisualStudioVersion = 12.0.21005.1
MinimumVisualStudioVersion = 10.0.40219.1
Project("{FAE04EC0-301F-11D3-BF4B-00C04F79EFBC}") = "OADAL", "OADAL\OADAL.csproj", "{6A9EF009-C864-4838-AF81-38DC4A98D3AD}"
EndProject
Project("{FAE04EC0-301F-11D3-BF4B-00C04F79EFBC}") = "SSO", "SSO\SSO.csproj", "{52BCA066-527C-4B17-95AA-3D1FC92A117B}"
EndProject
Project("{FAE04EC0-301F-11D3-BF4B-00C04F79EFBC}") = "CTOA", "CTOA\CTOA.csproj", "{4F1855F4-5B36-4B4C-A38B-8D66FC46D2DB}"
EndProject
Global
	GlobalSection(SolutionConfigurationPlatforms) = preSolution
		Debug|Any CPU = Debug|Any CPU
		Release|Any CPU = Release|Any CPU
	EndGlobalSection
	GlobalSection(ProjectConfigurationPlatforms) = postSolution
		{6A9EF009-C864-4838-AF81-38DC4A98D3AD}.Debug|Any CPU.ActiveCfg = Debug|Any CPU
		{6A9EF009-C864-4838-AF81-38DC4A98D3AD}.Debug|Any CPU.Build.0 = Debug|Any CPU
		{6A9EF009-C864-4838-AF81-38DC4A98D3AD}.Release|Any CPU.ActiveCfg = Release|Any CPU
		{6A9EF009-C864-4838-AF81-38DC4A98D3AD}.Release|Any CPU.Build.0 = Release|Any CPU
		{52BCA066-527C-4B17-95AA-3D1FC92A117B}.Debug|Any CPU.ActiveCfg = Debug|Any CPU
		{52BCA066-527C-4B17-95AA-3D1FC92A117B}.Debug|Any CPU.Build.0 = Debug|Any CPU
		{52BCA066-527C-4B17-95AA-3D1FC92A117B}.Release|Any CPU.ActiveCfg = Release|Any CPU
		{52BCA066-527C-4B17-95AA-3D1FC92A117B}.Release|Any CPU.Build.0 = Release|Any CPU
		{4F1855F4-5B36-4B4C-A38B-8D66FC46D2DB}.Debug|Any CPU.ActiveCfg = Debug|Any CPU
		{4F1855F4-5B36-4B4C-A38B-8D66FC46D2DB}.Debug|Any CPU.Build.0 = Debug|Any CPU
		{4F1855F4-5B36-4B4C-A38B-8D66FC46D2DB}.Release|Any CPU.ActiveCfg = Release|Any CPU
		{4F1855F4-5B36-4B4C-A38B-8D66FC46D2DB}.Release|Any CPU.Build.0 = Release|Any CPU
	EndGlobalSection
	GlobalSection(SolutionProperties) = preSolution
		HideSolutionNode = FALSE
	EndGlobalSection
	GlobalSection(ExtensibilityGlobals) = postSolution
		VisualSVNWorkingCopyRoot = .
	EndGlobalSection
EndGlobal
